
Microsoft Visual Studio Solution File, Format Version 12.00
# Visual Studio 15
Project("{FAE04EC0-301F-11D3-BF4B-00C04F79EFBC}") = "Assembly-CSharp-Editor", "Assembly-CSharp-Editor.csproj", "{4493610C-61EC-3C6F-2C50-7E6018FF6E4B}"
EndProject
Project("{FAE04EC0-301F-11D3-BF4B-00C04F79EFBC}") = "Assembly-CSharp", "Assembly-CSharp.csproj", "{5A5D70D9-9A82-95B5-5C20-D83B02A55BEE}"
EndProject
Global
	GlobalSection(SolutionConfigurationPlatforms) = preSolution
		Debug|Any CPU = Debug|Any CPU
		Release|Any CPU = Release|Any CPU
	EndGlobalSection
	GlobalSection(ProjectConfigurationPlatforms) = postSolution
		{4493610C-61EC-3C6F-2C50-7E6018FF6E4B}.Debug|Any CPU.ActiveCfg = Debug|Any CPU
		{4493610C-61EC-3C6F-2C50-7E6018FF6E4B}.Debug|Any CPU.Build.0 = Debug|Any CPU
		{4493610C-61EC-3C6F-2C50-7E6018FF6E4B}.Release|Any CPU.ActiveCfg = Release|Any CPU
		{4493610C-61EC-3C6F-2C50-7E6018FF6E4B}.Release|Any CPU.Build.0 = Release|Any CPU
		{5A5D70D9-9A82-95B5-5C20-D83B02A55BEE}.Debug|Any CPU.ActiveCfg = Debug|Any CPU
		{5A5D70D9-9A82-95B5-5C20-D83B02A55BEE}.Debug|Any CPU.Build.0 = Debug|Any CPU
		{5A5D70D9-9A82-95B5-5C20-D83B02A55BEE}.Release|Any CPU.ActiveCfg = Release|Any CPU
		{5A5D70D9-9A82-95B5-5C20-D83B02A55BEE}.Release|Any CPU.Build.0 = Release|Any CPU
	EndGlobalSection
	GlobalSection(SolutionProperties) = preSolution
		HideSolutionNode = FALSE
	EndGlobalSection
EndGlobal
